// !$*UTF8*$!
{
	archiveVersion = 1;
	classes = {
	};
	objectVersion = 56;
	objects = {

/* Begin PBXBuildFile section */
		9B7DF0DF2A90FC9A002CE7EA /* ProductItem.swift in Sources */ = {isa = PBXBuildFile; fileRef = 9B7DF0DE2A90FC9A002CE7EA /* ProductItem.swift */; };
		9B7DF0E62A91039B002CE7EA /* ProductDataController.swift in Sources */ = {isa = PBXBuildFile; fileRef = 9B7DF0E52A91039B002CE7EA /* ProductDataController.swift */; };
		9B7DF0EA2A91200C002CE7EA /* AddProductView.swift in Sources */ = {isa = PBXBuildFile; fileRef = 9B7DF0E92A91200C002CE7EA /* AddProductView.swift */; };
		9BB718942A90E1E200B94459 /* ProductiveApp.swift in Sources */ = {isa = PBXBuildFile; fileRef = 9BB718932A90E1E200B94459 /* ProductiveApp.swift */; };
		9BB718962A90E1E200B94459 /* ContentView.swift in Sources */ = {isa = PBXBuildFile; fileRef = 9BB718952A90E1E200B94459 /* ContentView.swift */; };
		9BB718982A90E1E400B94459 /* Assets.xcassets in Resources */ = {isa = PBXBuildFile; fileRef = 9BB718972A90E1E400B94459 /* Assets.xcassets */; };
		9BB7189B2A90E1E400B94459 /* Preview Assets.xcassets in Resources */ = {isa = PBXBuildFile; fileRef = 9BB7189A2A90E1E400B94459 /* Preview Assets.xcassets */; };
		9BEE047E2A9287C500897975 /* SplashView.swift in Sources */ = {isa = PBXBuildFile; fileRef = 9BEE047D2A9287C500897975 /* SplashView.swift */; };
		9BEE04802A92896D00897975 /* splashscreen.jpg in Resources */ = {isa = PBXBuildFile; fileRef = 9BEE047F2A92896D00897975 /* splashscreen.jpg */; };
/* End PBXBuildFile section */

/* Begin PBXFileReference section */
		9B7DF0DE2A90FC9A002CE7EA /* ProductItem.swift */ = {isa = PBXFileReference; lastKnownFileType = sourcecode.swift; path = ProductItem.swift; sourceTree = "<group>"; };
		9B7DF0E52A91039B002CE7EA /* ProductDataController.swift */ = {isa = PBXFileReference; lastKnownFileType = sourcecode.swift; path = ProductDataController.swift; sourceTree = "<group>"; };
		9B7DF0E92A91200C002CE7EA /* AddProductView.swift */ = {isa = PBXFileReference; lastKnownFileType = sourcecode.swift; path = AddProductView.swift; sourceTree = "<group>"; };
		9BB718902A90E1E200B94459 /* Productive.app */ = {isa = PBXFileReference; explicitFileType = wrapper.application; includeInIndex = 0; path = Productive.app; sourceTree = BUILT_PRODUCTS_DIR; };
		9BB718932A90E1E200B94459 /* ProductiveApp.swift */ = {isa = PBXFileReference; lastKnownFileType = sourcecode.swift; path = ProductiveApp.swift; sourceTree = "<group>"; };
		9BB718952A90E1E200B94459 /* ContentView.swift */ = {isa = PBXFileReference; lastKnownFileType = sourcecode.swift; path = ContentView.swift; sourceTree = "<group>"; };
		9BB718972A90E1E400B94459 /* Assets.xcassets */ = {isa = PBXFileReference; lastKnownFileType = folder.assetcatalog; path = Assets.xcassets; sourceTree = "<group>"; };
		9BB7189A2A90E1E400B94459 /* Preview Assets.xcassets */ = {isa = PBXFileReference; lastKnownFileType = folder.assetcatalog; path = "Preview Assets.xcassets"; sourceTree = "<group>"; };
		9BEE047D2A9287C500897975 /* SplashView.swift */ = {isa = PBXFileReference; lastKnownFileType = sourcecode.swift; path = SplashView.swift; sourceTree = "<group>"; };
		9BEE047F2A92896D00897975 /* splashscreen.jpg */ = {isa = PBXFileReference; lastKnownFileType = image.jpeg; name = splashscreen.jpg; path = Productive/splashscreen.jpg; sourceTree = "<group>"; };
/* End PBXFileReference section */

/* Begin PBXFrameworksBuildPhase section */
		9BB7188D2A90E1E200B94459 /* Frameworks */ = {
			isa = PBXFrameworksBuildPhase;
			buildActionMask = 2147483647;
			files = (
			);
			runOnlyForDeploymentPostprocessing = 0;
		};
/* End PBXFrameworksBuildPhase section */

/* Begin PBXGroup section */
		9B7DF0E32A910360002CE7EA /* Model */ = {
			isa = PBXGroup;
			children = (
				9B7DF0DE2A90FC9A002CE7EA /* ProductItem.swift */,
			);
			path = Model;
			sourceTree = "<group>";
		};
		9B7DF0E42A91036E002CE7EA /* Controller */ = {
			isa = PBXGroup;
			children = (
				9B7DF0E52A91039B002CE7EA /* ProductDataController.swift */,
			);
			path = Controller;
			sourceTree = "<group>";
		};
		9B7DF0EB2A91258A002CE7EA /* View */ = {
			isa = PBXGroup;
			children = (
				9B7DF0E92A91200C002CE7EA /* AddProductView.swift */,
				9BEE047D2A9287C500897975 /* SplashView.swift */,
				9BB718952A90E1E200B94459 /* ContentView.swift */,
			);
			path = View;
			sourceTree = "<group>";
		};
		9BB718872A90E1E200B94459 = {
			isa = PBXGroup;
			children = (
				9BEE047F2A92896D00897975 /* splashscreen.jpg */,
				9BB718922A90E1E200B94459 /* Productive */,
				9BB718912A90E1E200B94459 /* Products */,
			);
			sourceTree = "<group>";
		};
		9BB718912A90E1E200B94459 /* Products */ = {
			isa = PBXGroup;
			children = (
				9BB718902A90E1E200B94459 /* Productive.app */,
			);
			name = Products;
			sourceTree = "<group>";
		};
		9BB718922A90E1E200B94459 /* Productive */ = {
			isa = PBXGroup;
			children = (
				9B7DF0EB2A91258A002CE7EA /* View */,
				9B7DF0E42A91036E002CE7EA /* Controller */,
				9B7DF0E32A910360002CE7EA /* Model */,
				9BB718932A90E1E200B94459 /* ProductiveApp.swift */,
				9BB718972A90E1E400B94459 /* Assets.xcassets */,
				9BB718992A90E1E400B94459 /* Preview Content */,
			);
			path = Productive;
			sourceTree = "<group>";
		};
		9BB718992A90E1E400B94459 /* Preview Content */ = {
			isa = PBXGroup;
			children = (
				9BB7189A2A90E1E400B94459 /* Preview Assets.xcassets */,
			);
			path = "Preview Content";
			sourceTree = "<group>";
		};
/* End PBXGroup section */

/* Begin PBXNativeTarget section */
		9BB7188F2A90E1E200B94459 /* Productive */ = {
			isa = PBXNativeTarget;
			buildConfigurationList = 9BB7189E2A90E1E400B94459 /* Build configuration list for PBXNativeTarget "Productive" */;
			buildPhases = (
				9BB7188C2A90E1E200B94459 /* Sources */,
				9BB7188D2A90E1E200B94459 /* Frameworks */,
				9BB7188E2A90E1E200B94459 /* Resources */,
			);
			buildRules = (
			);
			dependencies = (
			);
			name = Productive;
			productName = Productive;
			productReference = 9BB718902A90E1E200B94459 /* Productive.app */;
			productType = "com.apple.product-type.application";
		};
/* End PBXNativeTarget section */

/* Begin PBXProject section */
		9BB718882A90E1E200B94459 /* Project object */ = {
			isa = PBXProject;
			attributes = {
				BuildIndependentTargetsInParallel = 1;
				LastSwiftUpdateCheck = 1430;
				LastUpgradeCheck = 1430;
				TargetAttributes = {
					9BB7188F2A90E1E200B94459 = {
						CreatedOnToolsVersion = 14.3.1;
					};
				};
			};
			buildConfigurationList = 9BB7188B2A90E1E200B94459 /* Build configuration list for PBXProject "Productive" */;
			compatibilityVersion = "Xcode 14.0";
			developmentRegion = en;
			hasScannedForEncodings = 0;
			knownRegions = (
				en,
				Base,
			);
			mainGroup = 9BB718872A90E1E200B94459;
			productRefGroup = 9BB718912A90E1E200B94459 /* Products */;
			projectDirPath = "";
			projectRoot = "";
			targets = (
				9BB7188F2A90E1E200B94459 /* Productive */,
			);
		};
/* End PBXProject section */

/* Begin PBXResourcesBuildPhase section */
		9BB7188E2A90E1E200B94459 /* Resources */ = {
			isa = PBXResourcesBuildPhase;
			buildActionMask = 2147483647;
			files = (
				9BB7189B2A90E1E400B94459 /* Preview Assets.xcassets in Resources */,
				9BB718982A90E1E400B94459 /* Assets.xcassets in Resources */,
				9BEE04802A92896D00897975 /* splashscreen.jpg in Resources */,
			);
			runOnlyForDeploymentPostprocessing = 0;
		};
/* End PBXResourcesBuildPhase section */

/* Begin PBXSourcesBuildPhase section */
		9BB7188C2A90E1E200B94459 /* Sources */ = {
			isa = PBXSourcesBuildPhase;
			buildActionMask = 2147483647;
			files = (
				9B7DF0DF2A90FC9A002CE7EA /* ProductItem.swift in Sources */,
				9B7DF0E62A91039B002CE7EA /* ProductDataController.swift in Sources */,
				9BB718962A90E1E200B94459 /* ContentView.swift in Sources */,
				9BB718942A90E1E200B94459 /* ProductiveApp.swift in Sources */,
				9B7DF0EA2A91200C002CE7EA /* AddProductView.swift in Sources */,
				9BEE047E2A9287C500897975 /* SplashView.swift in Sources */,
			);
			runOnlyForDeploymentPostprocessing = 0;
		};
/* End PBXSourcesBuildPhase section */

/* Begin XCBuildConfiguration section */
		9BB7189C2A90E1E400B94459 /* Debug */ = {
			isa = XCBuildConfiguration;
			buildSettings = {
				ALWAYS_SEARCH_USER_PATHS = NO;
				CLANG_ANALYZER_NONNULL = YES;
				CLANG_ANALYZER_NUMBER_OBJECT_CONVERSION = YES_AGGRESSIVE;
				CLANG_CXX_LANGUAGE_STANDARD = "gnu++20";
				CLANG_ENABLE_MODULES = YES;
				CLANG_ENABLE_OBJC_ARC = YES;
				CLANG_ENABLE_OBJC_WEAK = YES;
				CLANG_WARN_BLOCK_CAPTURE_AUTORELEASING = YES;
				CLANG_WARN_BOOL_CONVERSION = YES;
				CLANG_WARN_COMMA = YES;
				CLANG_WARN_CONSTANT_CONVERSION = YES;
				CLANG_WARN_DEPRECATED_OBJC_IMPLEMENTATIONS = YES;
				CLANG_WARN_DIRECT_OBJC_ISA_USAGE = YES_ERROR;
				CLANG_WARN_DOCUMENTATION_COMMENTS = YES;
				CLANG_WARN_EMPTY_BODY = YES;
				CLANG_WARN_ENUM_CONVERSION = YES;
				CLANG_WARN_INFINITE_RECURSION = YES;
				CLANG_WARN_INT_CONVERSION = YES;
				CLANG_WARN_NON_LITERAL_NULL_CONVERSION = YES;
				CLANG_WARN_OBJC_IMPLICIT_RETAIN_SELF = YES;
				CLANG_WARN_OBJC_LITERAL_CONVERSION = YES;
				CLANG_WARN_OBJC_ROOT_CLASS = YES_ERROR;
				CLANG_WARN_QUOTED_INCLUDE_IN_FRAMEWORK_HEADER = YES;
				CLANG_WARN_RANGE_LOOP_ANALYSIS = YES;
				CLANG_WARN_STRICT_PROTOTYPES = YES;
				CLANG_WARN_SUSPICIOUS_MOVE = YES;
				CLANG_WARN_UNGUARDED_AVAILABILITY = YES_AGGRESSIVE;
				CLANG_WARN_UNREACHABLE_CODE = YES;
				CLANG_WARN__DUPLICATE_METHOD_MATCH = YES;
				COPY_PHASE_STRIP = NO;
				DEBUG_INFORMATION_FORMAT = dwarf;
				ENABLE_STRICT_OBJC_MSGSEND = YES;
				ENABLE_TESTABILITY = YES;
				GCC_C_LANGUAGE_STANDARD = gnu11;
				GCC_DYNAMIC_NO_PIC = NO;
				GCC_NO_COMMON_BLOCKS = YES;
				GCC_OPTIMIZATION_LEVEL = 0;
				GCC_PREPROCESSOR_DEFINITIONS = (
					"DEBUG=1",
					"$(inherited)",
				);
				GCC_WARN_64_TO_32_BIT_CONVERSION = YES;
				GCC_WARN_ABOUT_RETURN_TYPE = YES_ERROR;
				GCC_WARN_UNDECLARED_SELECTOR = YES;
				GCC_WARN_UNINITIALIZED_AUTOS = YES_AGGRESSIVE;
				GCC_WARN_UNUSED_FUNCTION = YES;
				GCC_WARN_UNUSED_VARIABLE = YES;
				IPHONEOS_DEPLOYMENT_TARGET = 16.4;
				MTL_ENABLE_DEBUG_INFO = INCLUDE_SOURCE;
				MTL_FAST_MATH = YES;
				ONLY_ACTIVE_ARCH = YES;
				SDKROOT = iphoneos;
				SWIFT_ACTIVE_COMPILATION_CONDITIONS = DEBUG;
				SWIFT_OPTIMIZATION_LEVEL = "-Onone";
			};
			name = Debug;
		};
		9BB7189D2A90E1E400B94459 /* Release */ = {
			isa = XCBuildConfiguration;
			buildSettings = {
				ALWAYS_SEARCH_USER_PATHS = NO;
				CLANG_ANALYZER_NONNULL = YES;
				CLANG_ANALYZER_NUMBER_OBJECT_CONVERSION = YES_AGGRESSIVE;
				CLANG_CXX_LANGUAGE_STANDARD = "gnu++20";
				CLANG_ENABLE_MODULES = YES;
				CLANG_ENABLE_OBJC_ARC = YES;
				CLANG_ENABLE_OBJC_WEAK = YES;
				CLANG_WARN_BLOCK_CAPTURE_AUTORELEASING = YES;
				CLANG_WARN_BOOL_CONVERSION = YES;
				CLANG_WARN_COMMA = YES;
				CLANG_WARN_CONSTANT_CONVERSION = YES;
				CLANG_WARN_DEPRECATED_OBJC_IMPLEMENTATIONS = YES;
				CLANG_WARN_DIRECT_OBJC_ISA_USAGE = YES_ERROR;
				CLANG_WARN_DOCUMENTATION_COMMENTS = YES;
				CLANG_WARN_EMPTY_BODY = YES;
				CLANG_WARN_ENUM_CONVERSION = YES;
				CLANG_WARN_INFINITE_RECURSION = YES;
				CLANG_WARN_INT_CONVERSION = YES;
				CLANG_WARN_NON_LITERAL_NULL_CONVERSION = YES;
				CLANG_WARN_OBJC_IMPLICIT_RETAIN_SELF = YES;
				CLANG_WARN_OBJC_LITERAL_CONVERSION = YES;
				CLANG_WARN_OBJC_ROOT_CLASS = YES_ERROR;
				CLANG_WARN_QUOTED_INCLUDE_IN_FRAMEWORK_HEADER = YES;
				CLANG_WARN_RANGE_LOOP_ANALYSIS = YES;
				CLANG_WARN_STRICT_PROTOTYPES = YES;
				CLANG_WARN_SUSPICIOUS_MOVE = YES;
				CLANG_WARN_UNGUARDED_AVAILABILITY = YES_AGGRESSIVE;
				CLANG_WARN_UNREACHABLE_CODE = YES;
				CLANG_WARN__DUPLICATE_METHOD_MATCH = YES;
				COPY_PHASE_STRIP = NO;
				DEBUG_INFORMATION_FORMAT = "dwarf-with-dsym";
				ENABLE_NS_ASSERTIONS = NO;
				ENABLE_STRICT_OBJC_MSGSEND = YES;
				GCC_C_LANGUAGE_STANDARD = gnu11;
				GCC_NO_COMMON_BLOCKS = YES;
				GCC_WARN_64_TO_32_BIT_CONVERSION = YES;
				GCC_WARN_ABOUT_RETURN_TYPE = YES_ERROR;
				GCC_WARN_UNDECLARED_SELECTOR = YES;
				GCC_WARN_UNINITIALIZED_AUTOS = YES_AGGRESSIVE;
				GCC_WARN_UNUSED_FUNCTION = YES;
				GCC_WARN_UNUSED_VARIABLE = YES;
				IPHONEOS_DEPLOYMENT_TARGET = 16.4;
				MTL_ENABLE_DEBUG_INFO = NO;
				MTL_FAST_MATH = YES;
				SDKROOT = iphoneos;
				SWIFT_COMPILATION_MODE = wholemodule;
				SWIFT_OPTIMIZATION_LEVEL = "-O";
				VALIDATE_PRODUCT = YES;
			};
			name = Release;
		};
		9BB7189F2A90E1E400B94459 /* Debug */ = {
			isa = XCBuildConfiguration;
			buildSettings = {
				ASSETCATALOG_COMPILER_APPICON_NAME = AppIcon;
				ASSETCATALOG_COMPILER_GLOBAL_ACCENT_COLOR_NAME = AccentColor;
				CODE_SIGN_STYLE = Automatic;
				CURRENT_PROJECT_VERSION = 1;
				DEVELOPMENT_ASSET_PATHS = "\"Productive/Preview Content\"";
				DEVELOPMENT_TEAM = 3NXJ972C93;
				ENABLE_PREVIEWS = YES;
				GENERATE_INFOPLIST_FILE = YES;
				INFOPLIST_FILE = Productive/Info.plist;
				INFOPLIST_KEY_UIApplicationSceneManifest_Generation = YES;
				INFOPLIST_KEY_UIApplicationSupportsIndirectInputEvents = YES;
				INFOPLIST_KEY_UISupportedInterfaceOrientations_iPad = "UIInterfaceOrientationPortrait UIInterfaceOrientationPortraitUpsideDown UIInterfaceOrientationLandscapeLeft UIInterfaceOrientationLandscapeRight";
				INFOPLIST_KEY_UISupportedInterfaceOrientations_iPhone = "UIInterfaceOrientationPortrait UIInterfaceOrientationLandscapeLeft UIInterfaceOrientationLandscapeRight";
				LD_RUNPATH_SEARCH_PATHS = (
					"$(inherited)",
					"@executable_path/Frameworks",
				);
				MARKETING_VERSION = 1.0;
				PRODUCT_BUNDLE_IDENTIFIER = com.ofss.digx.obdx.zigbank.Productive;
				PRODUCT_NAME = "$(TARGET_NAME)";
				SWIFT_EMIT_LOC_STRINGS = YES;
				SWIFT_VERSION = 5.0;
				TARGETED_DEVICE_FAMILY = "1,2";
			};
			name = Debug;
		};
		9BB718A02A90E1E400B94459 /* Release */ = {
			isa = XCBuildConfiguration;
			buildSettings = {
				ASSETCATALOG_COMPILER_APPICON_NAME = AppIcon;
				ASSETCATALOG_COMPILER_GLOBAL_ACCENT_COLOR_NAME = AccentColor;
				CODE_SIGN_STYLE = Automatic;
				CURRENT_PROJECT_VERSION = 1;
				DEVELOPMENT_ASSET_PATHS = "\"Productive/Preview Content\"";
				DEVELOPMENT_TEAM = 3NXJ972C93;
				ENABLE_PREVIEWS = YES;
				GENERATE_INFOPLIST_FILE = YES;
				INFOPLIST_FILE = Productive/Info.plist;
				INFOPLIST_KEY_UIApplicationSceneManifest_Generation = YES;
				INFOPLIST_KEY_UIApplicationSupportsIndirectInputEvents = YES;
				INFOPLIST_KEY_UISupportedInterfaceOrientations_iPad = "UIInterfaceOrientationPortrait UIInterfaceOrientationPortraitUpsideDown UIInterfaceOrientationLandscapeLeft UIInterfaceOrientationLandscapeRight";
				INFOPLIST_KEY_UISupportedInterfaceOrientations_iPhone = "UIInterfaceOrientationPortrait UIInterfaceOrientationLandscapeLeft UIInterfaceOrientationLandscapeRight";
				LD_RUNPATH_SEARCH_PATHS = (
					"$(inherited)",
					"@executable_path/Frameworks",
				);
				MARKETING_VERSION = 1.0;
				PRODUCT_BUNDLE_IDENTIFIER = com.ofss.digx.obdx.zigbank.Productive;
				PRODUCT_NAME = "$(TARGET_NAME)";
				SWIFT_EMIT_LOC_STRINGS = YES;
				SWIFT_VERSION = 5.0;
				TARGETED_DEVICE_FAMILY = "1,2";
			};
			name = Release;
		};
/* End XCBuildConfiguration section */

/* Begin XCConfigurationList section */
		9BB7188B2A90E1E200B94459 /* Build configuration list for PBXProject "Productive" */ = {
			isa = XCConfigurationList;
			buildConfigurations = (
				9BB7189C2A90E1E400B94459 /* Debug */,
				9BB7189D2A90E1E400B94459 /* Release */,
			);
			defaultConfigurationIsVisible = 0;
			defaultConfigurationName = Release;
		};
		9BB7189E2A90E1E400B94459 /* Build configuration list for PBXNativeTarget "Productive" */ = {
			isa = XCConfigurationList;
			buildConfigurations = (
				9BB7189F2A90E1E400B94459 /* Debug */,
				9BB718A02A90E1E400B94459 /* Release */,
			);
			defaultConfigurationIsVisible = 0;
			defaultConfigurationName = Release;
		};
/* End XCConfigurationList section */
	};
	rootObject = 9BB718882A90E1E200B94459 /* Project object */;
}
